{
  "name": "@blockrocket/vue-drizzle-utils",
  "version": "1.0.6",
  "lockfileVersion": 1,
  "requires": true,
  "dependencies": {
    "@blockrocket/utils": {
      "version": "1.0.6",
      "resolved": "https://registry.npmjs.org/@blockrocket/utils/-/utils-1.0.6.tgz",
      "integrity": "sha512-AwQFiOpZDFhaQJ4l5Ju2UQ+nq+4qFBlYqV3p3GSFAVEDYCI7gSAgFMlqSlaiKYyCIuWGdM7zl/fZBwWn02Dxzw=="
    },
    "lodash": {
      "version": "4.17.21",
      "resolved": "https://registry.npmjs.org/lodash/-/lodash-4.17.21.tgz",
      "integrity": "sha512-v2kDEe57lecTulaDIuNTPy3Ry4gLGJ6Z1O3vE1krgXZNrsQ+LFTGHVxVjcXPs17LhbZVGedAJv8XZ1tvj5FvSg=="
    }
  }
}
