{
  "name": "@blockrocket/vue-drizzle-utils",
  "version": "1.0.1",
  "lockfileVersion": 1,
  "requires": true,
  "dependencies": {
    "@blockrocket/utils": {
      "version": "1.0.1",
      "resolved": "https://registry.npmjs.org/@blockrocket/utils/-/utils-1.0.1.tgz",
      "integrity": "sha512-igKewlvn78RATdUxHeWLrSMoTl/1KSTUIxnqPnW5yOYqQLZB2Ribt4A0CzzBs5ngcgEkk6MYsijsBwQ4NaaTUg=="
    },
    "lodash": {
      "version": "4.17.15",
      "resolved": "https://registry.npmjs.org/lodash/-/lodash-4.17.15.tgz",
      "integrity": "sha512-8xOcRHvCjnocdS5cpwXQXVzmmh5e5+saE2QGoeQmbKmRS6J3VQppPOIt0MnmE+4xlZoumy0GPG0D0MVIQbNA1A=="
    }
  }
}
