{
  "name": "@blockrocket/vue-drizzle-utils",
  "version": "1.0.4",
  "lockfileVersion": 1,
  "requires": true,
  "dependencies": {
    "@blockrocket/utils": {
      "version": "1.0.5",
      "resolved": "https://registry.npmjs.org/@blockrocket/utils/-/utils-1.0.5.tgz",
      "integrity": "sha512-dSrAQNgB0BKME5tzltd2sFjSFXMPApRZTSG7rWKX7E5/TpKwypAy6Tz3q3zMXLtdoUUPBLO9wNeFpV5zRD0mrw=="
    },
    "lodash": {
      "version": "4.17.15",
      "resolved": "https://registry.npmjs.org/lodash/-/lodash-4.17.15.tgz",
      "integrity": "sha512-8xOcRHvCjnocdS5cpwXQXVzmmh5e5+saE2QGoeQmbKmRS6J3VQppPOIt0MnmE+4xlZoumy0GPG0D0MVIQbNA1A=="
    }
  }
}
